{
  "originHash" : "a2c9616117948f2e2af88aeec587067f5e2eb000fcabea055f393ef9e910f911",
  "pins" : [
    {
      "identity" : "capacitor-swift-pm",
      "kind" : "remoteSourceControl",
      "location" : "https://github.com/ionic-team/capacitor-swift-pm.git",
      "state" : {
        "revision" : "4f71d0b979f2f957326f04353eca7604ee937e1e",
        "version" : "8.5.0"
      }
    },
    {
      "identity" : "keychain-swift",
      "kind" : "remoteSourceControl",
      "location" : "https://github.com/evgenyneu/keychain-swift.git",
      "state" : {
        "revision" : "265806607b45687a3d646e4c9837c31c90f202e8",
        "version" : "21.0.0"
      }
    }
  ],
  "version" : 3
}
